// !$*UTF8*$!
{
	archiveVersion = 1;
	classes = {
	};
	objectVersion = 50;
	objects = {

/* Begin PBXBuildFile section */
		32DA26B5233E4D140094B122 /* AppDelegate.swift in Sources */ = {isa = PBXBuildFile; fileRef = 32DA26B4233E4D140094B122 /* AppDelegate.swift */; };
		32DA26B7233E4D140094B122 /* SceneDelegate.swift in Sources */ = {isa = PBXBuildFile; fileRef = 32DA26B6233E4D140094B122 /* SceneDelegate.swift */; };
		32DA26B9233E4D140094B122 /* ContentView.swift in Sources */ = {isa = PBXBuildFile; fileRef = 32DA26B8233E4D140094B122 /* ContentView.swift */; };
		32DA26BB233E4D160094B122 /* Assets.xcassets in Resources */ = {isa = PBXBuildFile; fileRef = 32DA26BA233E4D160094B122 /* Assets.xcassets */; };
		32DA26BE233E4D160094B122 /* Preview Assets.xcassets in Resources */ = {isa = PBXBuildFile; fileRef = 32DA26BD233E4D160094B122 /* Preview Assets.xcassets */; };
		32DA26C1233E4D160094B122 /* LaunchScreen.storyboard in Resources */ = {isa = PBXBuildFile; fileRef = 32DA26BF233E4D160094B122 /* LaunchScreen.storyboard */; };
/* End PBXBuildFile section */

/* Begin PBXFileReference section */
		32DA26B1233E4D140094B122 /* DaoNotes.app */ = {isa = PBXFileReference; explicitFileType = wrapper.application; includeInIndex = 0; path = DaoNotes.app; sourceTree = BUILT_PRODUCTS_DIR; };
		32DA26B4233E4D140094B122 /* AppDelegate.swift */ = {isa = PBXFileReference; lastKnownFileType = sourcecode.swift; path = AppDelegate.swift; sourceTree = "<group>"; };
		32DA26B6233E4D140094B122 /* SceneDelegate.swift */ = {isa = PBXFileReference; lastKnownFileType = sourcecode.swift; path = SceneDelegate.swift; sourceTree = "<group>"; };
		32DA26B8233E4D140094B122 /* ContentView.swift */ = {isa = PBXFileReference; lastKnownFileType = sourcecode.swift; path = ContentView.swift; sourceTree = "<group>"; };
		32DA26BA233E4D160094B122 /* Assets.xcassets */ = {isa = PBXFileReference; lastKnownFileType = folder.assetcatalog; path = Assets.xcassets; sourceTree = "<group>"; };
		32DA26BD233E4D160094B122 /* Preview Assets.xcassets */ = {isa = PBXFileReference; lastKnownFileType = folder.assetcatalog; path = "Preview Assets.xcassets"; sourceTree = "<group>"; };
		32DA26C0233E4D160094B122 /* Base */ = {isa = PBXFileReference; lastKnownFileType = file.storyboard; name = Base; path = Base.lproj/LaunchScreen.storyboard; sourceTree = "<group>"; };
		32DA26C2233E4D160094B122 /* Info.plist */ = {isa = PBXFileReference; lastKnownFileType = text.plist.xml; path = Info.plist; sourceTree = "<group>"; };
/* End PBXFileReference section */

/* Begin PBXFrameworksBuildPhase section */
		32DA26AE233E4D140094B122 /* Frameworks */ = {
			isa = PBXFrameworksBuildPhase;
			buildActionMask = 2147483647;
			files = (
			);
			runOnlyForDeploymentPostprocessing = 0;
		};
/* End PBXFrameworksBuildPhase section */

/* Begin PBXGroup section */
		32DA26A8233E4D140094B122 = {
			isa = PBXGroup;
			children = (
				32DA26B3233E4D140094B122 /* DaoNotes */,
				32DA26B2233E4D140094B122 /* Products */,
			);
			sourceTree = "<group>";
		};
		32DA26B2233E4D140094B122 /* Products */ = {
			isa = PBXGroup;
			children = (
				32DA26B1233E4D140094B122 /* DaoNotes.app */,
			);
			name = Products;
			sourceTree = "<group>";
		};
		32DA26B3233E4D140094B122 /* DaoNotes */ = {
			isa = PBXGroup;
			children = (
				32DA26B4233E4D140094B122 /* AppDelegate.swift */,
				32DA26B6233E4D140094B122 /* SceneDelegate.swift */,
				32DA26B8233E4D140094B122 /* ContentView.swift */,
				32DA26BA233E4D160094B122 /* Assets.xcassets */,
				32DA26BF233E4D160094B122 /* LaunchScreen.storyboard */,
				32DA26C2233E4D160094B122 /* Info.plist */,
				32DA26BC233E4D160094B122 /* Preview Content */,
			);
			path = DaoNotes;
			sourceTree = "<group>";
		};
		32DA26BC233E4D160094B122 /* Preview Content */ = {
			isa = PBXGroup;
			children = (
				32DA26BD233E4D160094B122 /* Preview Assets.xcassets */,
			);
			path = "Preview Content";
			sourceTree = "<group>";
		};
/* End PBXGroup section */

/* Begin PBXNativeTarget section */
		32DA26B0233E4D140094B122 /* DaoNotes */ = {
			isa = PBXNativeTarget;
			buildConfigurationList = 32DA26C5233E4D160094B122 /* Build configuration list for PBXNativeTarget "DaoNotes" */;
			buildPhases = (
				32DA26AD233E4D140094B122 /* Sources */,
				32DA26AE233E4D140094B122 /* Frameworks */,
				32DA26AF233E4D140094B122 /* Resources */,
			);
			buildRules = (
			);
			dependencies = (
			);
			name = DaoNotes;
			productName = DaoNotes;
			productReference = 32DA26B1233E4D140094B122 /* DaoNotes.app */;
			productType = "com.apple.product-type.application";
		};
/* End PBXNativeTarget section */

/* Begin PBXProject section */
		32DA26A9233E4D140094B122 /* Project object */ = {
			isa = PBXProject;
			attributes = {
				LastSwiftUpdateCheck = 1100;
				LastUpgradeCheck = 1100;
				ORGANIZATIONNAME = "Denis Mikaya";
				TargetAttributes = {
					32DA26B0233E4D140094B122 = {
						CreatedOnToolsVersion = 11.0;
					};
				};
			};
			buildConfigurationList = 32DA26AC233E4D140094B122 /* Build configuration list for PBXProject "DaoNotes" */;
			compatibilityVersion = "Xcode 9.3";
			developmentRegion = en;
			hasScannedForEncodings = 0;
			knownRegions = (
				en,
				Base,
			);
			mainGroup = 32DA26A8233E4D140094B122;
			productRefGroup = 32DA26B2233E4D140094B122 /* Products */;
			projectDirPath = "";
			projectRoot = "";
			targets = (
				32DA26B0233E4D140094B122 /* DaoNotes */,
			);
		};
/* End PBXProject section */

/* Begin PBXResourcesBuildPhase section */
		32DA26AF233E4D140094B122 /* Resources */ = {
			isa = PBXResourcesBuildPhase;
			buildActionMask = 2147483647;
			files = (
				32DA26C1233E4D160094B122 /* LaunchScreen.storyboard in Resources */,
				32DA26BE233E4D160094B122 /* Preview Assets.xcassets in Resources */,
				32DA26BB233E4D160094B122 /* Assets.xcassets in Resources */,
			);
			runOnlyForDeploymentPostprocessing = 0;
		};
/* End PBXResourcesBuildPhase section */

/* Begin PBXSourcesBuildPhase section */
		32DA26AD233E4D140094B122 /* Sources */ = {
			isa = PBXSourcesBuildPhase;
			buildActionMask = 2147483647;
			files = (
				32DA26B5233E4D140094B122 /* AppDelegate.swift in Sources */,
				32DA26B7233E4D140094B122 /* SceneDelegate.swift in Sources */,
				32DA26B9233E4D140094B122 /* ContentView.swift in Sources */,
			);
			runOnlyForDeploymentPostprocessing = 0;
		};
/* End PBXSourcesBuildPhase section */

/* Begin PBXVariantGroup section */
		32DA26BF233E4D160094B122 /* LaunchScreen.storyboard */ = {
			isa = PBXVariantGroup;
			children = (
				32DA26C0233E4D160094B122 /* Base */,
			);
			name = LaunchScreen.storyboard;
			sourceTree = "<group>";
		};
/* End PBXVariantGroup section */

/* Begin XCBuildConfiguration section */
		32DA26C3233E4D160094B122 /* Debug */ = {
			isa = XCBuildConfiguration;
			buildSettings = {
				ALWAYS_SEARCH_USER_PATHS = NO;
				CLANG_ANALYZER_NONNULL = YES;
				CLANG_ANALYZER_NUMBER_OBJECT_CONVERSION = YES_AGGRESSIVE;
				CLANG_CXX_LANGUAGE_STANDARD = "gnu++14";
				CLANG_CXX_LIBRARY = "libc++";
				CLANG_ENABLE_MODULES = YES;
				CLANG_ENABLE_OBJC_ARC = YES;
				CLANG_ENABLE_OBJC_WEAK = YES;
				CLANG_WARN_BLOCK_CAPTURE_AUTORELEASING = YES;
				CLANG_WARN_BOOL_CONVERSION = YES;
				CLANG_WARN_COMMA = YES;
				CLANG_WARN_CONSTANT_CONVERSION = YES;
				CLANG_WARN_DEPRECATED_OBJC_IMPLEMENTATIONS = YES;
				CLANG_WARN_DIRECT_OBJC_ISA_USAGE = YES_ERROR;
				CLANG_WARN_DOCUMENTATION_COMMENTS = YES;
				CLANG_WARN_EMPTY_BODY = YES;
				CLANG_WARN_ENUM_CONVERSION = YES;
				CLANG_WARN_INFINITE_RECURSION = YES;
				CLANG_WARN_INT_CONVERSION = YES;
				CLANG_WARN_NON_LITERAL_NULL_CONVERSION = YES;
				CLANG_WARN_OBJC_IMPLICIT_RETAIN_SELF = YES;
				CLANG_WARN_OBJC_LITERAL_CONVERSION = YES;
				CLANG_WARN_OBJC_ROOT_CLASS = YES_ERROR;
				CLANG_WARN_RANGE_LOOP_ANALYSIS = YES;
				CLANG_WARN_STRICT_PROTOTYPES = YES;
				CLANG_WARN_SUSPICIOUS_MOVE = YES;
				CLANG_WARN_UNGUARDED_AVAILABILITY = YES_AGGRESSIVE;
				CLANG_WARN_UNREACHABLE_CODE = YES;
				CLANG_WARN__DUPLICATE_METHOD_MATCH = YES;
				COPY_PHASE_STRIP = NO;
				DEBUG_INFORMATION_FORMAT = dwarf;
				ENABLE_STRICT_OBJC_MSGSEND = YES;
				ENABLE_TESTABILITY = YES;
				GCC_C_LANGUAGE_STANDARD = gnu11;
				GCC_DYNAMIC_NO_PIC = NO;
				GCC_NO_COMMON_BLOCKS = YES;
				GCC_OPTIMIZATION_LEVEL = 0;
				GCC_PREPROCESSOR_DEFINITIONS = (
					"DEBUG=1",
					"$(inherited)",
				);
				GCC_WARN_64_TO_32_BIT_CONVERSION = YES;
				GCC_WARN_ABOUT_RETURN_TYPE = YES_ERROR;
				GCC_WARN_UNDECLARED_SELECTOR = YES;
				GCC_WARN_UNINITIALIZED_AUTOS = YES_AGGRESSIVE;
				GCC_WARN_UNUSED_FUNCTION = YES;
				GCC_WARN_UNUSED_VARIABLE = YES;
				IPHONEOS_DEPLOYMENT_TARGET = 13.0;
				MTL_ENABLE_DEBUG_INFO = INCLUDE_SOURCE;
				MTL_FAST_MATH = YES;
				ONLY_ACTIVE_ARCH = YES;
				SDKROOT = iphoneos;
				SWIFT_ACTIVE_COMPILATION_CONDITIONS = DEBUG;
				SWIFT_OPTIMIZATION_LEVEL = "-Onone";
			};
			name = Debug;
		};
		32DA26C4233E4D160094B122 /* Release */ = {
			isa = XCBuildConfiguration;
			buildSettings = {
				ALWAYS_SEARCH_USER_PATHS = NO;
				CLANG_ANALYZER_NONNULL = YES;
				CLANG_ANALYZER_NUMBER_OBJECT_CONVERSION = YES_AGGRESSIVE;
				CLANG_CXX_LANGUAGE_STANDARD = "gnu++14";
				CLANG_CXX_LIBRARY = "libc++";
				CLANG_ENABLE_MODULES = YES;
				CLANG_ENABLE_OBJC_ARC = YES;
				CLANG_ENABLE_OBJC_WEAK = YES;
				CLANG_WARN_BLOCK_CAPTURE_AUTORELEASING = YES;
				CLANG_WARN_BOOL_CONVERSION = YES;
				CLANG_WARN_COMMA = YES;
				CLANG_WARN_CONSTANT_CONVERSION = YES;
				CLANG_WARN_DEPRECATED_OBJC_IMPLEMENTATIONS = YES;
				CLANG_WARN_DIRECT_OBJC_ISA_USAGE = YES_ERROR;
				CLANG_WARN_DOCUMENTATION_COMMENTS = YES;
				CLANG_WARN_EMPTY_BODY = YES;
				CLANG_WARN_ENUM_CONVERSION = YES;
				CLANG_WARN_INFINITE_RECURSION = YES;
				CLANG_WARN_INT_CONVERSION = YES;
				CLANG_WARN_NON_LITERAL_NULL_CONVERSION = YES;
				CLANG_WARN_OBJC_IMPLICIT_RETAIN_SELF = YES;
				CLANG_WARN_OBJC_LITERAL_CONVERSION = YES;
				CLANG_WARN_OBJC_ROOT_CLASS = YES_ERROR;
				CLANG_WARN_RANGE_LOOP_ANALYSIS = YES;
				CLANG_WARN_STRICT_PROTOTYPES = YES;
				CLANG_WARN_SUSPICIOUS_MOVE = YES;
				CLANG_WARN_UNGUARDED_AVAILABILITY = YES_AGGRESSIVE;
				CLANG_WARN_UNREACHABLE_CODE = YES;
				CLANG_WARN__DUPLICATE_METHOD_MATCH = YES;
				COPY_PHASE_STRIP = NO;
				DEBUG_INFORMATION_FORMAT = "dwarf-with-dsym";
				ENABLE_NS_ASSERTIONS = NO;
				ENABLE_STRICT_OBJC_MSGSEND = YES;
				GCC_C_LANGUAGE_STANDARD = gnu11;
				GCC_NO_COMMON_BLOCKS = YES;
				GCC_WARN_64_TO_32_BIT_CONVERSION = YES;
				GCC_WARN_ABOUT_RETURN_TYPE = YES_ERROR;
				GCC_WARN_UNDECLARED_SELECTOR = YES;
				GCC_WARN_UNINITIALIZED_AUTOS = YES_AGGRESSIVE;
				GCC_WARN_UNUSED_FUNCTION = YES;
				GCC_WARN_UNUSED_VARIABLE = YES;
				IPHONEOS_DEPLOYMENT_TARGET = 13.0;
				MTL_ENABLE_DEBUG_INFO = NO;
				MTL_FAST_MATH = YES;
				SDKROOT = iphoneos;
				SWIFT_COMPILATION_MODE = wholemodule;
				SWIFT_OPTIMIZATION_LEVEL = "-O";
				VALIDATE_PRODUCT = YES;
			};
			name = Release;
		};
		32DA26C6233E4D160094B122 /* Debug */ = {
			isa = XCBuildConfiguration;
			buildSettings = {
				ASSETCATALOG_COMPILER_APPICON_NAME = AppIcon;
				CODE_SIGN_STYLE = Automatic;
				DEVELOPMENT_ASSET_PATHS = "\"DaoNotes/Preview Content\"";
				DEVELOPMENT_TEAM = 5PMP974V72;
				ENABLE_PREVIEWS = YES;
				INFOPLIST_FILE = DaoNotes/Info.plist;
				LD_RUNPATH_SEARCH_PATHS = (
					"$(inherited)",
					"@executable_path/Frameworks",
				);
				PRODUCT_BUNDLE_IDENTIFIER = com.mobico.DaoNotes;
				PRODUCT_NAME = "$(TARGET_NAME)";
				SWIFT_VERSION = 5.0;
				TARGETED_DEVICE_FAMILY = "1,2";
			};
			name = Debug;
		};
		32DA26C7233E4D160094B122 /* Release */ = {
			isa = XCBuildConfiguration;
			buildSettings = {
				ASSETCATALOG_COMPILER_APPICON_NAME = AppIcon;
				CODE_SIGN_STYLE = Automatic;
				DEVELOPMENT_ASSET_PATHS = "\"DaoNotes/Preview Content\"";
				DEVELOPMENT_TEAM = 5PMP974V72;
				ENABLE_PREVIEWS = YES;
				INFOPLIST_FILE = DaoNotes/Info.plist;
				LD_RUNPATH_SEARCH_PATHS = (
					"$(inherited)",
					"@executable_path/Frameworks",
				);
				PRODUCT_BUNDLE_IDENTIFIER = com.mobico.DaoNotes;
				PRODUCT_NAME = "$(TARGET_NAME)";
				SWIFT_VERSION = 5.0;
				TARGETED_DEVICE_FAMILY = "1,2";
			};
			name = Release;
		};
/* End XCBuildConfiguration section */

/* Begin XCConfigurationList section */
		32DA26AC233E4D140094B122 /* Build configuration list for PBXProject "DaoNotes" */ = {
			isa = XCConfigurationList;
			buildConfigurations = (
				32DA26C3233E4D160094B122 /* Debug */,
				32DA26C4233E4D160094B122 /* Release */,
			);
			defaultConfigurationIsVisible = 0;
			defaultConfigurationName = Release;
		};
		32DA26C5233E4D160094B122 /* Build configuration list for PBXNativeTarget "DaoNotes" */ = {
			isa = XCConfigurationList;
			buildConfigurations = (
				32DA26C6233E4D160094B122 /* Debug */,
				32DA26C7233E4D160094B122 /* Release */,
			);
			defaultConfigurationIsVisible = 0;
			defaultConfigurationName = Release;
		};
/* End XCConfigurationList section */
	};
	rootObject = 32DA26A9233E4D140094B122 /* Project object */;
}
